// !$*UTF8*$!
{
	archiveVersion = 1;
	classes = {
	};
	objectVersion = 56;
	objects = {

/* Begin PBXBuildFile section */
		421E949E2A335A9A007F6981 /* MultiProgressView in Frameworks */ = {isa = PBXBuildFile; productRef = 421E949D2A335A9A007F6981 /* MultiProgressView */; };
		42209FFA2A38F49100F1AA3E /* Waffle.obj in Resources */ = {isa = PBXBuildFile; fileRef = 42209FF92A38F49100F1AA3E /* Waffle.obj */; };
		4223033A2A38C8A900B83982 /* Model3DKit.framework in Frameworks */ = {isa = PBXBuildFile; fileRef = 422303382A38C87700B83982 /* Model3DKit.framework */; };
		4223033B2A38C8A900B83982 /* Model3DKit.framework in Embed Frameworks */ = {isa = PBXBuildFile; fileRef = 422303382A38C87700B83982 /* Model3DKit.framework */; settings = {ATTRIBUTES = (CodeSignOnCopy, RemoveHeadersOnCopy, ); }; };
		422F9B842A2B4DDC0005182F /* Camera.xcassets in Resources */ = {isa = PBXBuildFile; fileRef = 422F9B832A2B4DDC0005182F /* Camera.xcassets */; };
		423D8FC12A3330C6001B90ED /* UIApplicationExtension.swift in Sources */ = {isa = PBXBuildFile; fileRef = 423D8FC02A3330C6001B90ED /* UIApplicationExtension.swift */; };
		423D8FC32A333232001B90ED /* CameraSettingsViewController.swift in Sources */ = {isa = PBXBuildFile; fileRef = 423D8FC22A333232001B90ED /* CameraSettingsViewController.swift */; };
		423E42402A2E652F0039B0B2 /* KiriAdvanceCameraKit.xcframework in Frameworks */ = {isa = PBXBuildFile; fileRef = 429620612A2E63FC006AEF27 /* KiriAdvanceCameraKit.xcframework */; };
		423E42412A2E652F0039B0B2 /* KiriAdvanceCameraKit.xcframework in Embed Frameworks */ = {isa = PBXBuildFile; fileRef = 429620612A2E63FC006AEF27 /* KiriAdvanceCameraKit.xcframework */; settings = {ATTRIBUTES = (CodeSignOnCopy, RemoveHeadersOnCopy, ); }; };
		4255C35F2A32FEFE00FD7995 /* UIEdgeInsetsExtension.swift in Sources */ = {isa = PBXBuildFile; fileRef = 4255C35E2A32FEFE00FD7995 /* UIEdgeInsetsExtension.swift */; };
		4255C3612A32FF2500FD7995 /* EnvironmentValuesExtension.swift in Sources */ = {isa = PBXBuildFile; fileRef = 4255C3602A32FF2500FD7995 /* EnvironmentValuesExtension.swift */; };
		4255C3632A32FF8600FD7995 /* UIViewPreview.swift in Sources */ = {isa = PBXBuildFile; fileRef = 4255C3622A32FF8600FD7995 /* UIViewPreview.swift */; };
		4255C3652A3303E900FD7995 /* Constants.swift in Sources */ = {isa = PBXBuildFile; fileRef = 4255C3642A3303E900FD7995 /* Constants.swift */; };
		42713CB42A2BB700008B63D6 /* CameraAdvance.swift in Sources */ = {isa = PBXBuildFile; fileRef = 42713CB32A2BB700008B63D6 /* CameraAdvance.swift */; };
		42772DEC2A2B468E00AFE194 /* Camera.storyboard in Resources */ = {isa = PBXBuildFile; fileRef = 42772DEB2A2B468E00AFE194 /* Camera.storyboard */; };
		42772DEF2A2B46A600AFE194 /* CameraViewController.swift in Sources */ = {isa = PBXBuildFile; fileRef = 42772DEE2A2B46A600AFE194 /* CameraViewController.swift */; };
		428699872A37822D00D496B9 /* 3DModelDisplay.swift in Sources */ = {isa = PBXBuildFile; fileRef = 428699862A37822D00D496B9 /* 3DModelDisplay.swift */; };
		42C4270B2A4230A700567ACA /* UIScrollViewExtension.swift in Sources */ = {isa = PBXBuildFile; fileRef = 42C4270A2A4230A700567ACA /* UIScrollViewExtension.swift */; };
		42DCA4D02A2A0F7B001EA88F /* LogoutPopupViewController.swift in Sources */ = {isa = PBXBuildFile; fileRef = 424026682A29CA8C009F4594 /* LogoutPopupViewController.swift */; };
		42DCA4D12A2A0F7B001EA88F /* SettingsViewController.swift in Sources */ = {isa = PBXBuildFile; fileRef = 424026662A29C910009F4594 /* SettingsViewController.swift */; };
		42DCA4D22A2A0F7E001EA88F /* TabbarViewController.swift in Sources */ = {isa = PBXBuildFile; fileRef = 4240265F2A29C56B009F4594 /* TabbarViewController.swift */; };
		42DCA4D32A2A0F7E001EA88F /* MainNavController.swift in Sources */ = {isa = PBXBuildFile; fileRef = 424026612A29C5AF009F4594 /* MainNavController.swift */; };
		42DCA4D42A2A0F83001EA88F /* EmailVerificationSuccessVCViewController.swift in Sources */ = {isa = PBXBuildFile; fileRef = 424026632A29C7FB009F4594 /* EmailVerificationSuccessVCViewController.swift */; };
		42DCA4D52A2A0F83001EA88F /* LoginViewController.swift in Sources */ = {isa = PBXBuildFile; fileRef = 422042792A29BA7100C0C5C1 /* LoginViewController.swift */; };
		42DCA4D62A2A0F83001EA88F /* ForgotPasswordViewController.swift in Sources */ = {isa = PBXBuildFile; fileRef = 4220427F2A29BE9C00C0C5C1 /* ForgotPasswordViewController.swift */; };
		42DCA4D72A2A0F86001EA88F /* HomeTableViewCell.xib in Resources */ = {isa = PBXBuildFile; fileRef = 42AC6DD82A2924B800717E46 /* HomeTableViewCell.xib */; };
		42DCA4D82A2A0F86001EA88F /* HomeTableViewCell.swift in Sources */ = {isa = PBXBuildFile; fileRef = 42AC6DD72A2924B800717E46 /* HomeTableViewCell.swift */; };
		42DCA4D92A2A0F86001EA88F /* HomeViewController.swift in Sources */ = {isa = PBXBuildFile; fileRef = 42AC6DD52A2924A700717E46 /* HomeViewController.swift */; };
		42DCA4DA2A2A0F8F001EA88F /* Auth.storyboard in Resources */ = {isa = PBXBuildFile; fileRef = 42F3E1F72A28F906007485B0 /* Auth.storyboard */; };
		42DCA4DB2A2A0F93001EA88F /* LaunchScreen.storyboard in Resources */ = {isa = PBXBuildFile; fileRef = 424026AF2A29F372009F4594 /* LaunchScreen.storyboard */; };
		42DCA4DC2A2A0F95001EA88F /* Main.storyboard in Resources */ = {isa = PBXBuildFile; fileRef = 42AC6DCF2A291E2D00717E46 /* Main.storyboard */; };
		42DCA4DD2A2A0F9B001EA88F /* AppDelegate.swift in Sources */ = {isa = PBXBuildFile; fileRef = 42DCA4B42A2A0D7F001EA88F /* AppDelegate.swift */; };
		42DCA4DE2A2A0F9B001EA88F /* SceneDelegate.swift in Sources */ = {isa = PBXBuildFile; fileRef = 42DCA4B32A2A0D7E001EA88F /* SceneDelegate.swift */; };
		42DCA4E02A2A0FA4001EA88F /* UIViewExtension.swift in Sources */ = {isa = PBXBuildFile; fileRef = 42AC6DCA2A29176E00717E46 /* UIViewExtension.swift */; };
		42DCA4E12A2A0FA4001EA88F /* UIStoryboardExtension.swift in Sources */ = {isa = PBXBuildFile; fileRef = 4240265C2A29C413009F4594 /* UIStoryboardExtension.swift */; };
		42DCA4E22A2A0FA4001EA88F /* DataDictionary.swift in Sources */ = {isa = PBXBuildFile; fileRef = 42F3E2122A290079007485B0 /* DataDictionary.swift */; };
		42DCA4E32A2A0FA4001EA88F /* UIColorExtension.swift in Sources */ = {isa = PBXBuildFile; fileRef = 4220427B2A29BCA400C0C5C1 /* UIColorExtension.swift */; };
		42DCA4E42A2A0FA4001EA88F /* UIViewControllerExtension.swift in Sources */ = {isa = PBXBuildFile; fileRef = 4220427D2A29BD8900C0C5C1 /* UIViewControllerExtension.swift */; };
		42DCA4E52A2A0FA4001EA88F /* UIFontExtension.swift in Sources */ = {isa = PBXBuildFile; fileRef = 422042762A29B9D800C0C5C1 /* UIFontExtension.swift */; };
		42DCA4E62A2A0FA4001EA88F /* NSObjectExtension.swift in Sources */ = {isa = PBXBuildFile; fileRef = 4297EAB52A2926E6007AE286 /* NSObjectExtension.swift */; };
		42DCA4E72A2A0FA4001EA88F /* NSMutableAttributedString.swift in Sources */ = {isa = PBXBuildFile; fileRef = 422042742A29B9B400C0C5C1 /* NSMutableAttributedString.swift */; };
		42DCA4E82A2A0FA4001EA88F /* StringExtension.swift in Sources */ = {isa = PBXBuildFile; fileRef = 42F3E2102A28FD59007485B0 /* StringExtension.swift */; };
		42DCA4E92A2A0FA8001EA88F /* CoreWebService.swift in Sources */ = {isa = PBXBuildFile; fileRef = 42F3E2092A28FB52007485B0 /* CoreWebService.swift */; };
		42DCA4EA2A2A0FAD001EA88F /* Assets.xcassets in Resources */ = {isa = PBXBuildFile; fileRef = 42F3E1FA2A28F90A007485B0 /* Assets.xcassets */; };
		42DCA4EB2A2A0FAD001EA88F /* Auth.xcassets in Resources */ = {isa = PBXBuildFile; fileRef = 42AC6DCC2A291BC800717E46 /* Auth.xcassets */; };
		42DCA4EC2A2A0FAD001EA88F /* Color.xcassets in Resources */ = {isa = PBXBuildFile; fileRef = 42AC6DC82A29116A00717E46 /* Color.xcassets */; };
		42DCA4ED2A2A0FAD001EA88F /* MainTabbar.xcassets in Resources */ = {isa = PBXBuildFile; fileRef = 42AC6DD12A291F1B00717E46 /* MainTabbar.xcassets */; };
		42DCA4EE2A2A0FB2001EA88F /* CircularStd-Black.otf in Resources */ = {isa = PBXBuildFile; fileRef = 42F3E21D2A2908F6007485B0 /* CircularStd-Black.otf */; };
		42DCA4EF2A2A0FB2001EA88F /* CircularStd-Book.otf in Resources */ = {isa = PBXBuildFile; fileRef = 42F3E21F2A2908F6007485B0 /* CircularStd-Book.otf */; };
		42DCA4F02A2A0FB2001EA88F /* CircularStd-Bold.otf in Resources */ = {isa = PBXBuildFile; fileRef = 42F3E21E2A2908F6007485B0 /* CircularStd-Bold.otf */; };
		42DCA4F12A2A0FB2001EA88F /* CircularStd-Light.otf in Resources */ = {isa = PBXBuildFile; fileRef = 42F3E21B2A2908F6007485B0 /* CircularStd-Light.otf */; };
		42DCA4F22A2A0FB2001EA88F /* CircularStd-Medium.otf in Resources */ = {isa = PBXBuildFile; fileRef = 42F3E21C2A2908F6007485B0 /* CircularStd-Medium.otf */; };
		42DCA4F62A2A103E001EA88F /* Alamofire in Frameworks */ = {isa = PBXBuildFile; productRef = 42DCA4F52A2A103E001EA88F /* Alamofire */; };
		42DCA4F92A2A1054001EA88F /* ObjectMapper in Frameworks */ = {isa = PBXBuildFile; productRef = 42DCA4F82A2A1054001EA88F /* ObjectMapper */; };
		42ED47D92A2F92F800C63786 /* WebServiceManager.swift in Sources */ = {isa = PBXBuildFile; fileRef = 42ED47D82A2F92F800C63786 /* WebServiceManager.swift */; };
		42ED47DB2A2F931E00C63786 /* User.swift in Sources */ = {isa = PBXBuildFile; fileRef = 42ED47DA2A2F931E00C63786 /* User.swift */; };
		42ED47DD2A2F937C00C63786 /* BaseResponse.swift in Sources */ = {isa = PBXBuildFile; fileRef = 42ED47DC2A2F937C00C63786 /* BaseResponse.swift */; };
		42ED47DF2A2F941200C63786 /* APIConstants.swift in Sources */ = {isa = PBXBuildFile; fileRef = 42ED47DE2A2F941200C63786 /* APIConstants.swift */; };
		42ED47E22A2F979B00C63786 /* UserDefaultConfig.swift in Sources */ = {isa = PBXBuildFile; fileRef = 42ED47E12A2F979B00C63786 /* UserDefaultConfig.swift */; };
		42ED47E42A2F99C700C63786 /* OptionalExtension.swift in Sources */ = {isa = PBXBuildFile; fileRef = 42ED47E32A2F99C700C63786 /* OptionalExtension.swift */; };
		42ED47E62A2F9A6800C63786 /* Commons.swift in Sources */ = {isa = PBXBuildFile; fileRef = 42ED47E52A2F9A6800C63786 /* Commons.swift */; };
		42ED47E92A2F9BBB00C63786 /* Lottie in Frameworks */ = {isa = PBXBuildFile; productRef = 42ED47E82A2F9BBB00C63786 /* Lottie */; };
		42ED47EB2A2F9BFF00C63786 /* Loader.json in Resources */ = {isa = PBXBuildFile; fileRef = 42ED47EA2A2F9BFF00C63786 /* Loader.json */; };
		42ED47ED2A2FA0C700C63786 /* UIButtonExtension.swift in Sources */ = {isa = PBXBuildFile; fileRef = 42ED47EC2A2FA0C700C63786 /* UIButtonExtension.swift */; };
		42ED47EF2A2FA88400C63786 /* NFT.swift in Sources */ = {isa = PBXBuildFile; fileRef = 42ED47EE2A2FA88400C63786 /* NFT.swift */; };
/* End PBXBuildFile section */

/* Begin PBXCopyFilesBuildPhase section */
		42DCA5012A2A10C4001EA88F /* Embed Frameworks */ = {
			isa = PBXCopyFilesBuildPhase;
			buildActionMask = 2147483647;
			dstPath = "";
			dstSubfolderSpec = 10;
			files = (
				4223033B2A38C8A900B83982 /* Model3DKit.framework in Embed Frameworks */,
				423E42412A2E652F0039B0B2 /* KiriAdvanceCameraKit.xcframework in Embed Frameworks */,
			);
			name = "Embed Frameworks";
			runOnlyForDeploymentPostprocessing = 0;
		};
/* End PBXCopyFilesBuildPhase section */

/* Begin PBXFileReference section */
		422042742A29B9B400C0C5C1 /* NSMutableAttributedString.swift */ = {isa = PBXFileReference; lastKnownFileType = sourcecode.swift; path = NSMutableAttributedString.swift; sourceTree = "<group>"; };
		422042762A29B9D800C0C5C1 /* UIFontExtension.swift */ = {isa = PBXFileReference; lastKnownFileType = sourcecode.swift; path = UIFontExtension.swift; sourceTree = "<group>"; };
		422042792A29BA7100C0C5C1 /* LoginViewController.swift */ = {isa = PBXFileReference; lastKnownFileType = sourcecode.swift; path = LoginViewController.swift; sourceTree = "<group>"; };
		4220427B2A29BCA400C0C5C1 /* UIColorExtension.swift */ = {isa = PBXFileReference; lastKnownFileType = sourcecode.swift; path = UIColorExtension.swift; sourceTree = "<group>"; };
		4220427D2A29BD8900C0C5C1 /* UIViewControllerExtension.swift */ = {isa = PBXFileReference; lastKnownFileType = sourcecode.swift; path = UIViewControllerExtension.swift; sourceTree = "<group>"; };
		4220427F2A29BE9C00C0C5C1 /* ForgotPasswordViewController.swift */ = {isa = PBXFileReference; lastKnownFileType = sourcecode.swift; path = ForgotPasswordViewController.swift; sourceTree = "<group>"; };
		42209FF92A38F49100F1AA3E /* Waffle.obj */ = {isa = PBXFileReference; fileEncoding = 4; lastKnownFileType = text; path = Waffle.obj; sourceTree = "<group>"; };
		422303382A38C87700B83982 /* Model3DKit.framework */ = {isa = PBXFileReference; lastKnownFileType = wrapper.framework; path = Model3DKit.framework; sourceTree = "<group>"; };
		422F9B832A2B4DDC0005182F /* Camera.xcassets */ = {isa = PBXFileReference; lastKnownFileType = folder.assetcatalog; path = Camera.xcassets; sourceTree = "<group>"; };
		423D8FC02A3330C6001B90ED /* UIApplicationExtension.swift */ = {isa = PBXFileReference; lastKnownFileType = sourcecode.swift; path = UIApplicationExtension.swift; sourceTree = "<group>"; };
		423D8FC22A333232001B90ED /* CameraSettingsViewController.swift */ = {isa = PBXFileReference; lastKnownFileType = sourcecode.swift; path = CameraSettingsViewController.swift; sourceTree = "<group>"; };
		4240265C2A29C413009F4594 /* UIStoryboardExtension.swift */ = {isa = PBXFileReference; lastKnownFileType = sourcecode.swift; path = UIStoryboardExtension.swift; sourceTree = "<group>"; };
		4240265F2A29C56B009F4594 /* TabbarViewController.swift */ = {isa = PBXFileReference; lastKnownFileType = sourcecode.swift; path = TabbarViewController.swift; sourceTree = "<group>"; };
		424026612A29C5AF009F4594 /* MainNavController.swift */ = {isa = PBXFileReference; lastKnownFileType = sourcecode.swift; path = MainNavController.swift; sourceTree = "<group>"; };
		424026632A29C7FB009F4594 /* EmailVerificationSuccessVCViewController.swift */ = {isa = PBXFileReference; lastKnownFileType = sourcecode.swift; path = EmailVerificationSuccessVCViewController.swift; sourceTree = "<group>"; };
		424026662A29C910009F4594 /* SettingsViewController.swift */ = {isa = PBXFileReference; lastKnownFileType = sourcecode.swift; path = SettingsViewController.swift; sourceTree = "<group>"; };
		424026682A29CA8C009F4594 /* LogoutPopupViewController.swift */ = {isa = PBXFileReference; lastKnownFileType = sourcecode.swift; path = LogoutPopupViewController.swift; sourceTree = "<group>"; };
		424026AF2A29F372009F4594 /* LaunchScreen.storyboard */ = {isa = PBXFileReference; fileEncoding = 4; lastKnownFileType = file.storyboard; path = LaunchScreen.storyboard; sourceTree = "<group>"; };
		424026B12A29F376009F4594 /* en */ = {isa = PBXFileReference; lastKnownFileType = file.storyboard; name = en; path = en.lproj/Auth.storyboard; sourceTree = "<group>"; };
		4255C35E2A32FEFE00FD7995 /* UIEdgeInsetsExtension.swift */ = {isa = PBXFileReference; lastKnownFileType = sourcecode.swift; path = UIEdgeInsetsExtension.swift; sourceTree = "<group>"; };
		4255C3602A32FF2500FD7995 /* EnvironmentValuesExtension.swift */ = {isa = PBXFileReference; lastKnownFileType = sourcecode.swift; path = EnvironmentValuesExtension.swift; sourceTree = "<group>"; };
		4255C3622A32FF8600FD7995 /* UIViewPreview.swift */ = {isa = PBXFileReference; lastKnownFileType = sourcecode.swift; path = UIViewPreview.swift; sourceTree = "<group>"; };
		4255C3642A3303E900FD7995 /* Constants.swift */ = {isa = PBXFileReference; lastKnownFileType = sourcecode.swift; path = Constants.swift; sourceTree = "<group>"; };
		42713CB32A2BB700008B63D6 /* CameraAdvance.swift */ = {isa = PBXFileReference; lastKnownFileType = sourcecode.swift; path = CameraAdvance.swift; sourceTree = "<group>"; };
		427209BF2A29FAA3002256A8 /* CameraKit.framework */ = {isa = PBXFileReference; lastKnownFileType = wrapper.framework; name = CameraKit.framework; path = ../../../../Downloads/CameraKit.framework; sourceTree = "<group>"; };
		42772DEB2A2B468E00AFE194 /* Camera.storyboard */ = {isa = PBXFileReference; lastKnownFileType = file.storyboard; path = Camera.storyboard; sourceTree = "<group>"; };
		42772DEE2A2B46A600AFE194 /* CameraViewController.swift */ = {isa = PBXFileReference; lastKnownFileType = sourcecode.swift; path = CameraViewController.swift; sourceTree = "<group>"; };
		428699862A37822D00D496B9 /* 3DModelDisplay.swift */ = {isa = PBXFileReference; lastKnownFileType = sourcecode.swift; path = 3DModelDisplay.swift; sourceTree = "<group>"; };
		429620612A2E63FC006AEF27 /* KiriAdvanceCameraKit.xcframework */ = {isa = PBXFileReference; lastKnownFileType = wrapper.xcframework; path = KiriAdvanceCameraKit.xcframework; sourceTree = "<group>"; };
		4297EAB52A2926E6007AE286 /* NSObjectExtension.swift */ = {isa = PBXFileReference; lastKnownFileType = sourcecode.swift; path = NSObjectExtension.swift; sourceTree = "<group>"; };
		42AC6DC82A29116A00717E46 /* Color.xcassets */ = {isa = PBXFileReference; lastKnownFileType = folder.assetcatalog; path = Color.xcassets; sourceTree = "<group>"; };
		42AC6DCA2A29176E00717E46 /* UIViewExtension.swift */ = {isa = PBXFileReference; lastKnownFileType = sourcecode.swift; path = UIViewExtension.swift; sourceTree = "<group>"; };
		42AC6DCC2A291BC800717E46 /* Auth.xcassets */ = {isa = PBXFileReference; lastKnownFileType = folder.assetcatalog; path = Auth.xcassets; sourceTree = "<group>"; };
		42AC6DCF2A291E2D00717E46 /* Main.storyboard */ = {isa = PBXFileReference; lastKnownFileType = file.storyboard; path = Main.storyboard; sourceTree = "<group>"; };
		42AC6DD12A291F1B00717E46 /* MainTabbar.xcassets */ = {isa = PBXFileReference; lastKnownFileType = folder.assetcatalog; path = MainTabbar.xcassets; sourceTree = "<group>"; };
		42AC6DD52A2924A700717E46 /* HomeViewController.swift */ = {isa = PBXFileReference; lastKnownFileType = sourcecode.swift; path = HomeViewController.swift; sourceTree = "<group>"; };
		42AC6DD72A2924B800717E46 /* HomeTableViewCell.swift */ = {isa = PBXFileReference; lastKnownFileType = sourcecode.swift; path = HomeTableViewCell.swift; sourceTree = "<group>"; };
		42AC6DD82A2924B800717E46 /* HomeTableViewCell.xib */ = {isa = PBXFileReference; lastKnownFileType = file.xib; path = HomeTableViewCell.xib; sourceTree = "<group>"; };
		42C4270A2A4230A700567ACA /* UIScrollViewExtension.swift */ = {isa = PBXFileReference; lastKnownFileType = sourcecode.swift; path = UIScrollViewExtension.swift; sourceTree = "<group>"; };
		42DCA4B32A2A0D7E001EA88F /* SceneDelegate.swift */ = {isa = PBXFileReference; fileEncoding = 4; lastKnownFileType = sourcecode.swift; path = SceneDelegate.swift; sourceTree = "<group>"; };
		42DCA4B42A2A0D7F001EA88F /* AppDelegate.swift */ = {isa = PBXFileReference; fileEncoding = 4; lastKnownFileType = sourcecode.swift; path = AppDelegate.swift; sourceTree = "<group>"; };
		42DCA4BC2A2A0EE5001EA88F /* WayGate.app */ = {isa = PBXFileReference; explicitFileType = wrapper.application; includeInIndex = 0; path = WayGate.app; sourceTree = BUILT_PRODUCTS_DIR; };
		42ED47D82A2F92F800C63786 /* WebServiceManager.swift */ = {isa = PBXFileReference; lastKnownFileType = sourcecode.swift; path = WebServiceManager.swift; sourceTree = "<group>"; };
		42ED47DA2A2F931E00C63786 /* User.swift */ = {isa = PBXFileReference; lastKnownFileType = sourcecode.swift; path = User.swift; sourceTree = "<group>"; };
		42ED47DC2A2F937C00C63786 /* BaseResponse.swift */ = {isa = PBXFileReference; lastKnownFileType = sourcecode.swift; path = BaseResponse.swift; sourceTree = "<group>"; };
		42ED47DE2A2F941200C63786 /* APIConstants.swift */ = {isa = PBXFileReference; lastKnownFileType = sourcecode.swift; path = APIConstants.swift; sourceTree = "<group>"; };
		42ED47E12A2F979B00C63786 /* UserDefaultConfig.swift */ = {isa = PBXFileReference; lastKnownFileType = sourcecode.swift; path = UserDefaultConfig.swift; sourceTree = "<group>"; };
		42ED47E32A2F99C700C63786 /* OptionalExtension.swift */ = {isa = PBXFileReference; lastKnownFileType = sourcecode.swift; path = OptionalExtension.swift; sourceTree = "<group>"; };
		42ED47E52A2F9A6800C63786 /* Commons.swift */ = {isa = PBXFileReference; lastKnownFileType = sourcecode.swift; path = Commons.swift; sourceTree = "<group>"; };
		42ED47EA2A2F9BFF00C63786 /* Loader.json */ = {isa = PBXFileReference; fileEncoding = 4; lastKnownFileType = text.json; path = Loader.json; sourceTree = "<group>"; };
		42ED47EC2A2FA0C700C63786 /* UIButtonExtension.swift */ = {isa = PBXFileReference; lastKnownFileType = sourcecode.swift; path = UIButtonExtension.swift; sourceTree = "<group>"; };
		42ED47EE2A2FA88400C63786 /* NFT.swift */ = {isa = PBXFileReference; lastKnownFileType = sourcecode.swift; path = NFT.swift; sourceTree = "<group>"; };
		42F3E1FA2A28F90A007485B0 /* Assets.xcassets */ = {isa = PBXFileReference; lastKnownFileType = folder.assetcatalog; path = Assets.xcassets; sourceTree = "<group>"; };
		42F3E1FF2A28F90A007485B0 /* Info.plist */ = {isa = PBXFileReference; lastKnownFileType = text.plist.xml; path = Info.plist; sourceTree = "<group>"; };
		42F3E2092A28FB52007485B0 /* CoreWebService.swift */ = {isa = PBXFileReference; lastKnownFileType = sourcecode.swift; path = CoreWebService.swift; sourceTree = "<group>"; };
		42F3E2102A28FD59007485B0 /* StringExtension.swift */ = {isa = PBXFileReference; lastKnownFileType = sourcecode.swift; path = StringExtension.swift; sourceTree = "<group>"; };
		42F3E2122A290079007485B0 /* DataDictionary.swift */ = {isa = PBXFileReference; lastKnownFileType = sourcecode.swift; path = DataDictionary.swift; sourceTree = "<group>"; };
		42F3E21B2A2908F6007485B0 /* CircularStd-Light.otf */ = {isa = PBXFileReference; lastKnownFileType = file; path = "CircularStd-Light.otf"; sourceTree = "<group>"; };
		42F3E21C2A2908F6007485B0 /* CircularStd-Medium.otf */ = {isa = PBXFileReference; lastKnownFileType = file; path = "CircularStd-Medium.otf"; sourceTree = "<group>"; };
		42F3E21D2A2908F6007485B0 /* CircularStd-Black.otf */ = {isa = PBXFileReference; lastKnownFileType = file; path = "CircularStd-Black.otf"; sourceTree = "<group>"; };
		42F3E21E2A2908F6007485B0 /* CircularStd-Bold.otf */ = {isa = PBXFileReference; lastKnownFileType = file; path = "CircularStd-Bold.otf"; sourceTree = "<group>"; };
		42F3E21F2A2908F6007485B0 /* CircularStd-Book.otf */ = {isa = PBXFileReference; lastKnownFileType = file; path = "CircularStd-Book.otf"; sourceTree = "<group>"; };
/* End PBXFileReference section */

/* Begin PBXFrameworksBuildPhase section */
		42DCA4B92A2A0EE5001EA88F /* Frameworks */ = {
			isa = PBXFrameworksBuildPhase;
			buildActionMask = 2147483647;
			files = (
				421E949E2A335A9A007F6981 /* MultiProgressView in Frameworks */,
				42ED47E92A2F9BBB00C63786 /* Lottie in Frameworks */,
				4223033A2A38C8A900B83982 /* Model3DKit.framework in Frameworks */,
				42DCA4F92A2A1054001EA88F /* ObjectMapper in Frameworks */,
				423E42402A2E652F0039B0B2 /* KiriAdvanceCameraKit.xcframework in Frameworks */,
				42DCA4F62A2A103E001EA88F /* Alamofire in Frameworks */,
			);
			runOnlyForDeploymentPostprocessing = 0;
		};
/* End PBXFrameworksBuildPhase section */

/* Begin PBXGroup section */
		422042782A29BA6000C0C5C1 /* Auth */ = {
			isa = PBXGroup;
			children = (
				422042792A29BA7100C0C5C1 /* LoginViewController.swift */,
				424026632A29C7FB009F4594 /* EmailVerificationSuccessVCViewController.swift */,
				4220427F2A29BE9C00C0C5C1 /* ForgotPasswordViewController.swift */,
			);
			path = Auth;
			sourceTree = "<group>";
		};
		4240265E2A29C551009F4594 /* Main */ = {
			isa = PBXGroup;
			children = (
				4240265F2A29C56B009F4594 /* TabbarViewController.swift */,
				424026612A29C5AF009F4594 /* MainNavController.swift */,
			);
			path = Main;
			sourceTree = "<group>";
		};
		424026652A29C906009F4594 /* Settings */ = {
			isa = PBXGroup;
			children = (
				424026662A29C910009F4594 /* SettingsViewController.swift */,
				424026682A29CA8C009F4594 /* LogoutPopupViewController.swift */,
			);
			path = Settings;
			sourceTree = "<group>";
		};
		424026BB2A29F43E009F4594 /* Frameworks */ = {
			isa = PBXGroup;
			children = (
				427209BF2A29FAA3002256A8 /* CameraKit.framework */,
			);
			name = Frameworks;
			sourceTree = "<group>";
		};
		42772DED2A2B469D00AFE194 /* Camera */ = {
			isa = PBXGroup;
			children = (
				42772DEE2A2B46A600AFE194 /* CameraViewController.swift */,
				423D8FC22A333232001B90ED /* CameraSettingsViewController.swift */,
				42713CB32A2BB700008B63D6 /* CameraAdvance.swift */,
			);
			path = Camera;
			sourceTree = "<group>";
		};
		428699852A37821100D496B9 /* 3D Model Display */ = {
			isa = PBXGroup;
			children = (
				428699862A37822D00D496B9 /* 3DModelDisplay.swift */,
			);
			path = "3D Model Display";
			sourceTree = "<group>";
		};
		42AC6DCE2A291E1900717E46 /* Storyboards */ = {
			isa = PBXGroup;
			children = (
				42F3E1F72A28F906007485B0 /* Auth.storyboard */,
				424026AF2A29F372009F4594 /* LaunchScreen.storyboard */,
				42AC6DCF2A291E2D00717E46 /* Main.storyboard */,
				42772DEB2A2B468E00AFE194 /* Camera.storyboard */,
			);
			path = Storyboards;
			sourceTree = "<group>";
		};
		42AC6DD32A29248C00717E46 /* Views */ = {
			isa = PBXGroup;
			children = (
				428699852A37821100D496B9 /* 3D Model Display */,
				42772DED2A2B469D00AFE194 /* Camera */,
				424026652A29C906009F4594 /* Settings */,
				4240265E2A29C551009F4594 /* Main */,
				422042782A29BA6000C0C5C1 /* Auth */,
				42AC6DD42A29249200717E46 /* Home */,
			);
			path = Views;
			sourceTree = "<group>";
		};
		42AC6DD42A29249200717E46 /* Home */ = {
			isa = PBXGroup;
			children = (
				42AC6DD52A2924A700717E46 /* HomeViewController.swift */,
				42AC6DD72A2924B800717E46 /* HomeTableViewCell.swift */,
				42AC6DD82A2924B800717E46 /* HomeTableViewCell.xib */,
			);
			path = Home;
			sourceTree = "<group>";
		};
		42ED47E02A2F978900C63786 /* Utils */ = {
			isa = PBXGroup;
			children = (
				42ED47E12A2F979B00C63786 /* UserDefaultConfig.swift */,
				42ED47E52A2F9A6800C63786 /* Commons.swift */,
				4255C3622A32FF8600FD7995 /* UIViewPreview.swift */,
				4255C3642A3303E900FD7995 /* Constants.swift */,
			);
			path = Utils;
			sourceTree = "<group>";
		};
		42F3E1E52A28F906007485B0 = {
			isa = PBXGroup;
			children = (
				42F3E1F02A28F906007485B0 /* WayGate */,
				42F3E1EF2A28F906007485B0 /* Products */,
				424026BB2A29F43E009F4594 /* Frameworks */,
			);
			sourceTree = "<group>";
		};
		42F3E1EF2A28F906007485B0 /* Products */ = {
			isa = PBXGroup;
			children = (
				42DCA4BC2A2A0EE5001EA88F /* WayGate.app */,
			);
			name = Products;
			sourceTree = "<group>";
		};
		42F3E1F02A28F906007485B0 /* WayGate */ = {
			isa = PBXGroup;
			children = (
				422303382A38C87700B83982 /* Model3DKit.framework */,
				42209FF92A38F49100F1AA3E /* Waffle.obj */,
				429620612A2E63FC006AEF27 /* KiriAdvanceCameraKit.xcframework */,
				42AC6DD32A29248C00717E46 /* Views */,
				42AC6DCE2A291E1900717E46 /* Storyboards */,
				42F3E2252A290963007485B0 /* Supporting Files */,
				42F3E20E2A28FD32007485B0 /* Helpers */,
				42F3E2082A28FB1F007485B0 /* Networking */,
				42F3E2182A2906BB007485B0 /* Assets */,
			);
			path = WayGate;
			sourceTree = "<group>";
		};
		42F3E2082A28FB1F007485B0 /* Networking */ = {
			isa = PBXGroup;
			children = (
				42F3E2092A28FB52007485B0 /* CoreWebService.swift */,
				42ED47D82A2F92F800C63786 /* WebServiceManager.swift */,
				42ED47DA2A2F931E00C63786 /* User.swift */,
				42ED47DC2A2F937C00C63786 /* BaseResponse.swift */,
				42ED47DE2A2F941200C63786 /* APIConstants.swift */,
				42ED47EE2A2FA88400C63786 /* NFT.swift */,
			);
			path = Networking;
			sourceTree = "<group>";
		};
		42F3E20E2A28FD32007485B0 /* Helpers */ = {
			isa = PBXGroup;
			children = (
				42ED47E02A2F978900C63786 /* Utils */,
				42F3E20F2A28FD40007485B0 /* Extensions */,
			);
			path = Helpers;
			sourceTree = "<group>";
		};
		42F3E20F2A28FD40007485B0 /* Extensions */ = {
			isa = PBXGroup;
			children = (
				42F3E2102A28FD59007485B0 /* StringExtension.swift */,
				4297EAB52A2926E6007AE286 /* NSObjectExtension.swift */,
				42F3E2122A290079007485B0 /* DataDictionary.swift */,
				42AC6DCA2A29176E00717E46 /* UIViewExtension.swift */,
				422042742A29B9B400C0C5C1 /* NSMutableAttributedString.swift */,
				4220427D2A29BD8900C0C5C1 /* UIViewControllerExtension.swift */,
				4220427B2A29BCA400C0C5C1 /* UIColorExtension.swift */,
				422042762A29B9D800C0C5C1 /* UIFontExtension.swift */,
				4240265C2A29C413009F4594 /* UIStoryboardExtension.swift */,
				42ED47E32A2F99C700C63786 /* OptionalExtension.swift */,
				42ED47EC2A2FA0C700C63786 /* UIButtonExtension.swift */,
				4255C35E2A32FEFE00FD7995 /* UIEdgeInsetsExtension.swift */,
				4255C3602A32FF2500FD7995 /* EnvironmentValuesExtension.swift */,
				423D8FC02A3330C6001B90ED /* UIApplicationExtension.swift */,
				42C4270A2A4230A700567ACA /* UIScrollViewExtension.swift */,
			);
			path = Extensions;
			sourceTree = "<group>";
		};
		42F3E2182A2906BB007485B0 /* Assets */ = {
			isa = PBXGroup;
			children = (
				42F3E21A2A2908DA007485B0 /* Assets */,
				42F3E2192A2908D1007485B0 /* Font */,
			);
			path = Assets;
			sourceTree = "<group>";
		};
		42F3E2192A2908D1007485B0 /* Font */ = {
			isa = PBXGroup;
			children = (
				42F3E21D2A2908F6007485B0 /* CircularStd-Black.otf */,
				42F3E21E2A2908F6007485B0 /* CircularStd-Bold.otf */,
				42F3E21F2A2908F6007485B0 /* CircularStd-Book.otf */,
				42F3E21B2A2908F6007485B0 /* CircularStd-Light.otf */,
				42F3E21C2A2908F6007485B0 /* CircularStd-Medium.otf */,
			);
			path = Font;
			sourceTree = "<group>";
		};
		42F3E21A2A2908DA007485B0 /* Assets */ = {
			isa = PBXGroup;
			children = (
				42F3E1FA2A28F90A007485B0 /* Assets.xcassets */,
				42AC6DCC2A291BC800717E46 /* Auth.xcassets */,
				42AC6DC82A29116A00717E46 /* Color.xcassets */,
				42AC6DD12A291F1B00717E46 /* MainTabbar.xcassets */,
				422F9B832A2B4DDC0005182F /* Camera.xcassets */,
			);
			path = Assets;
			sourceTree = "<group>";
		};
		42F3E2252A290963007485B0 /* Supporting Files */ = {
			isa = PBXGroup;
			children = (
				42ED47EA2A2F9BFF00C63786 /* Loader.json */,
				42DCA4B42A2A0D7F001EA88F /* AppDelegate.swift */,
				42DCA4B32A2A0D7E001EA88F /* SceneDelegate.swift */,
				42F3E1FF2A28F90A007485B0 /* Info.plist */,
			);
			path = "Supporting Files";
			sourceTree = "<group>";
		};
/* End PBXGroup section */

/* Begin PBXNativeTarget section */
		42DCA4BB2A2A0EE5001EA88F /* WayGate */ = {
			isa = PBXNativeTarget;
			buildConfigurationList = 42DCA4CD2A2A0EE8001EA88F /* Build configuration list for PBXNativeTarget "WayGate" */;
			buildPhases = (
				42DCA4B82A2A0EE5001EA88F /* Sources */,
				42DCA4B92A2A0EE5001EA88F /* Frameworks */,
				42DCA4BA2A2A0EE5001EA88F /* Resources */,
				42DCA5012A2A10C4001EA88F /* Embed Frameworks */,
			);
			buildRules = (
			);
			dependencies = (
			);
			name = WayGate;
			packageProductDependencies = (
				42DCA4F52A2A103E001EA88F /* Alamofire */,
				42DCA4F82A2A1054001EA88F /* ObjectMapper */,
				42ED47E82A2F9BBB00C63786 /* Lottie */,
				421E949D2A335A9A007F6981 /* MultiProgressView */,
			);
			productName = WayGate;
			productReference = 42DCA4BC2A2A0EE5001EA88F /* WayGate.app */;
			productType = "com.apple.product-type.application";
		};
/* End PBXNativeTarget section */

/* Begin PBXProject section */
		42F3E1E62A28F906007485B0 /* Project object */ = {
			isa = PBXProject;
			attributes = {
				BuildIndependentTargetsInParallel = 1;
				LastSwiftUpdateCheck = 1400;
				LastUpgradeCheck = 1420;
				TargetAttributes = {
					42DCA4BB2A2A0EE5001EA88F = {
						CreatedOnToolsVersion = 14.0;
					};
				};
			};
			buildConfigurationList = 42F3E1E92A28F906007485B0 /* Build configuration list for PBXProject "WayGate" */;
			compatibilityVersion = "Xcode 14.0";
			developmentRegion = en;
			hasScannedForEncodings = 0;
			knownRegions = (
				en,
				Base,
			);
			mainGroup = 42F3E1E52A28F906007485B0;
			packageReferences = (
				42DCA4F42A2A103E001EA88F /* XCRemoteSwiftPackageReference "Alamofire" */,
				42DCA4F72A2A1054001EA88F /* XCRemoteSwiftPackageReference "ObjectMapper" */,
				42ED47E72A2F9BBB00C63786 /* XCRemoteSwiftPackageReference "lottie-spm" */,
				421E949C2A335A9A007F6981 /* XCRemoteSwiftPackageReference "MultiProgressView" */,
			);
			productRefGroup = 42F3E1EF2A28F906007485B0 /* Products */;
			projectDirPath = "";
			projectRoot = "";
			targets = (
				42DCA4BB2A2A0EE5001EA88F /* WayGate */,
			);
		};
/* End PBXProject section */

/* Begin PBXResourcesBuildPhase section */
		42DCA4BA2A2A0EE5001EA88F /* Resources */ = {
			isa = PBXResourcesBuildPhase;
			buildActionMask = 2147483647;
			files = (
				42DCA4ED2A2A0FAD001EA88F /* MainTabbar.xcassets in Resources */,
				422F9B842A2B4DDC0005182F /* Camera.xcassets in Resources */,
				42772DEC2A2B468E00AFE194 /* Camera.storyboard in Resources */,
				42DCA4F02A2A0FB2001EA88F /* CircularStd-Bold.otf in Resources */,
				42DCA4DB2A2A0F93001EA88F /* LaunchScreen.storyboard in Resources */,
				42DCA4EF2A2A0FB2001EA88F /* CircularStd-Book.otf in Resources */,
				42DCA4EC2A2A0FAD001EA88F /* Color.xcassets in Resources */,
				42DCA4DA2A2A0F8F001EA88F /* Auth.storyboard in Resources */,
				42DCA4EE2A2A0FB2001EA88F /* CircularStd-Black.otf in Resources */,
				42DCA4D72A2A0F86001EA88F /* HomeTableViewCell.xib in Resources */,
				42ED47EB2A2F9BFF00C63786 /* Loader.json in Resources */,
				42DCA4EA2A2A0FAD001EA88F /* Assets.xcassets in Resources */,
				42DCA4EB2A2A0FAD001EA88F /* Auth.xcassets in Resources */,
				42DCA4DC2A2A0F95001EA88F /* Main.storyboard in Resources */,
				42DCA4F12A2A0FB2001EA88F /* CircularStd-Light.otf in Resources */,
				42DCA4F22A2A0FB2001EA88F /* CircularStd-Medium.otf in Resources */,
				42209FFA2A38F49100F1AA3E /* Waffle.obj in Resources */,
			);
			runOnlyForDeploymentPostprocessing = 0;
		};
/* End PBXResourcesBuildPhase section */

/* Begin PBXSourcesBuildPhase section */
		42DCA4B82A2A0EE5001EA88F /* Sources */ = {
			isa = PBXSourcesBuildPhase;
			buildActionMask = 2147483647;
			files = (
				42DCA4D52A2A0F83001EA88F /* LoginViewController.swift in Sources */,
				42DCA4D62A2A0F83001EA88F /* ForgotPasswordViewController.swift in Sources */,
				42DCA4E52A2A0FA4001EA88F /* UIFontExtension.swift in Sources */,
				428699872A37822D00D496B9 /* 3DModelDisplay.swift in Sources */,
				42ED47DB2A2F931E00C63786 /* User.swift in Sources */,
				42DCA4E32A2A0FA4001EA88F /* UIColorExtension.swift in Sources */,
				423D8FC32A333232001B90ED /* CameraSettingsViewController.swift in Sources */,
				4255C3632A32FF8600FD7995 /* UIViewPreview.swift in Sources */,
				42DCA4D32A2A0F7E001EA88F /* MainNavController.swift in Sources */,
				42DCA4E42A2A0FA4001EA88F /* UIViewControllerExtension.swift in Sources */,
				42DCA4E22A2A0FA4001EA88F /* DataDictionary.swift in Sources */,
				42DCA4E62A2A0FA4001EA88F /* NSObjectExtension.swift in Sources */,
				42DCA4D42A2A0F83001EA88F /* EmailVerificationSuccessVCViewController.swift in Sources */,
				42DCA4D02A2A0F7B001EA88F /* LogoutPopupViewController.swift in Sources */,
				42DCA4D92A2A0F86001EA88F /* HomeViewController.swift in Sources */,
				42ED47EF2A2FA88400C63786 /* NFT.swift in Sources */,
				42772DEF2A2B46A600AFE194 /* CameraViewController.swift in Sources */,
				42DCA4E02A2A0FA4001EA88F /* UIViewExtension.swift in Sources */,
				42713CB42A2BB700008B63D6 /* CameraAdvance.swift in Sources */,
				42ED47E42A2F99C700C63786 /* OptionalExtension.swift in Sources */,
				42DCA4E92A2A0FA8001EA88F /* CoreWebService.swift in Sources */,
				42DCA4E82A2A0FA4001EA88F /* StringExtension.swift in Sources */,
				42DCA4D12A2A0F7B001EA88F /* SettingsViewController.swift in Sources */,
				42DCA4E72A2A0FA4001EA88F /* NSMutableAttributedString.swift in Sources */,
				4255C35F2A32FEFE00FD7995 /* UIEdgeInsetsExtension.swift in Sources */,
				42ED47ED2A2FA0C700C63786 /* UIButtonExtension.swift in Sources */,
				4255C3612A32FF2500FD7995 /* EnvironmentValuesExtension.swift in Sources */,
				42DCA4E12A2A0FA4001EA88F /* UIStoryboardExtension.swift in Sources */,
				42DCA4DE2A2A0F9B001EA88F /* SceneDelegate.swift in Sources */,
				42ED47E62A2F9A6800C63786 /* Commons.swift in Sources */,
				42ED47D92A2F92F800C63786 /* WebServiceManager.swift in Sources */,
				42DCA4D82A2A0F86001EA88F /* HomeTableViewCell.swift in Sources */,
				42ED47DF2A2F941200C63786 /* APIConstants.swift in Sources */,
				42ED47E22A2F979B00C63786 /* UserDefaultConfig.swift in Sources */,
				42DCA4DD2A2A0F9B001EA88F /* AppDelegate.swift in Sources */,
				42C4270B2A4230A700567ACA /* UIScrollViewExtension.swift in Sources */,
				423D8FC12A3330C6001B90ED /* UIApplicationExtension.swift in Sources */,
				42DCA4D22A2A0F7E001EA88F /* TabbarViewController.swift in Sources */,
				4255C3652A3303E900FD7995 /* Constants.swift in Sources */,
				42ED47DD2A2F937C00C63786 /* BaseResponse.swift in Sources */,
			);
			runOnlyForDeploymentPostprocessing = 0;
		};
/* End PBXSourcesBuildPhase section */

/* Begin PBXVariantGroup section */
		42F3E1F72A28F906007485B0 /* Auth.storyboard */ = {
			isa = PBXVariantGroup;
			children = (
				424026B12A29F376009F4594 /* en */,
			);
			name = Auth.storyboard;
			sourceTree = "<group>";
		};
/* End PBXVariantGroup section */

/* Begin XCBuildConfiguration section */
		42DCA4CE2A2A0EE8001EA88F /* Debug */ = {
			isa = XCBuildConfiguration;
			buildSettings = {
				ASSETCATALOG_COMPILER_APPICON_NAME = AppIcon;
				ASSETCATALOG_COMPILER_GLOBAL_ACCENT_COLOR_NAME = AccentColor;
				CODE_SIGN_STYLE = Automatic;
				CURRENT_PROJECT_VERSION = 1;
				DEVELOPMENT_TEAM = JNN7UAFH9P;
				FRAMEWORK_SEARCH_PATHS = (
					"$(inherited)",
					"$(PROJECT_DIR)/WayGate",
					"$(PROJECT_DIR)",
				);
				GENERATE_INFOPLIST_FILE = YES;
				INFOPLIST_FILE = "WayGate/Supporting Files/Info.plist";
				INFOPLIST_KEY_NSCameraUsageDescription = "Please allow access";
				INFOPLIST_KEY_UIApplicationSupportsIndirectInputEvents = YES;
				INFOPLIST_KEY_UILaunchStoryboardName = LaunchScreen;
				INFOPLIST_KEY_UIMainStoryboardFile = Auth;
				INFOPLIST_KEY_UISupportedInterfaceOrientations = UIInterfaceOrientationPortrait;
				INFOPLIST_KEY_UIUserInterfaceStyle = Light;
				IPHONEOS_DEPLOYMENT_TARGET = 14.0;
				LD_RUNPATH_SEARCH_PATHS = (
					"$(inherited)",
					"@executable_path/Frameworks",
				);
				MARKETING_VERSION = 1.0;
				PRODUCT_BUNDLE_IDENTIFIER = com.renesistech.WayGate;
				PRODUCT_NAME = "$(TARGET_NAME)";
				SWIFT_EMIT_LOC_STRINGS = YES;
				SWIFT_VERSION = 5.0;
				TARGETED_DEVICE_FAMILY = "1,2";
			};
			name = Debug;
		};
		42DCA4CF2A2A0EE8001EA88F /* Release */ = {
			isa = XCBuildConfiguration;
			buildSettings = {
				ASSETCATALOG_COMPILER_APPICON_NAME = AppIcon;
				ASSETCATALOG_COMPILER_GLOBAL_ACCENT_COLOR_NAME = AccentColor;
				CODE_SIGN_STYLE = Automatic;
				CURRENT_PROJECT_VERSION = 1;
				DEVELOPMENT_TEAM = JNN7UAFH9P;
				FRAMEWORK_SEARCH_PATHS = (
					"$(inherited)",
					"$(PROJECT_DIR)/WayGate",
					"$(PROJECT_DIR)",
				);
				GENERATE_INFOPLIST_FILE = YES;
				INFOPLIST_FILE = "WayGate/Supporting Files/Info.plist";
				INFOPLIST_KEY_NSCameraUsageDescription = "Please allow access";
				INFOPLIST_KEY_UIApplicationSupportsIndirectInputEvents = YES;
				INFOPLIST_KEY_UILaunchStoryboardName = LaunchScreen;
				INFOPLIST_KEY_UIMainStoryboardFile = Auth;
				INFOPLIST_KEY_UISupportedInterfaceOrientations = UIInterfaceOrientationPortrait;
				INFOPLIST_KEY_UIUserInterfaceStyle = Light;
				IPHONEOS_DEPLOYMENT_TARGET = 14.0;
				LD_RUNPATH_SEARCH_PATHS = (
					"$(inherited)",
					"@executable_path/Frameworks",
				);
				MARKETING_VERSION = 1.0;
				PRODUCT_BUNDLE_IDENTIFIER = com.renesistech.WayGate;
				PRODUCT_NAME = "$(TARGET_NAME)";
				SWIFT_EMIT_LOC_STRINGS = YES;
				SWIFT_VERSION = 5.0;
				TARGETED_DEVICE_FAMILY = "1,2";
			};
			name = Release;
		};
		42F3E2002A28F90A007485B0 /* Debug */ = {
			isa = XCBuildConfiguration;
			buildSettings = {
				ALWAYS_SEARCH_USER_PATHS = NO;
				CLANG_ANALYZER_NONNULL = YES;
				CLANG_ANALYZER_NUMBER_OBJECT_CONVERSION = YES_AGGRESSIVE;
				CLANG_CXX_LANGUAGE_STANDARD = "gnu++20";
				CLANG_ENABLE_MODULES = YES;
				CLANG_ENABLE_OBJC_ARC = YES;
				CLANG_ENABLE_OBJC_WEAK = YES;
				CLANG_WARN_BLOCK_CAPTURE_AUTORELEASING = YES;
				CLANG_WARN_BOOL_CONVERSION = YES;
				CLANG_WARN_COMMA = YES;
				CLANG_WARN_CONSTANT_CONVERSION = YES;
				CLANG_WARN_DEPRECATED_OBJC_IMPLEMENTATIONS = YES;
				CLANG_WARN_DIRECT_OBJC_ISA_USAGE = YES_ERROR;
				CLANG_WARN_DOCUMENTATION_COMMENTS = YES;
				CLANG_WARN_EMPTY_BODY = YES;
				CLANG_WARN_ENUM_CONVERSION = YES;
				CLANG_WARN_INFINITE_RECURSION = YES;
				CLANG_WARN_INT_CONVERSION = YES;
				CLANG_WARN_NON_LITERAL_NULL_CONVERSION = YES;
				CLANG_WARN_OBJC_IMPLICIT_RETAIN_SELF = YES;
				CLANG_WARN_OBJC_LITERAL_CONVERSION = YES;
				CLANG_WARN_OBJC_ROOT_CLASS = YES_ERROR;
				CLANG_WARN_QUOTED_INCLUDE_IN_FRAMEWORK_HEADER = YES;
				CLANG_WARN_RANGE_LOOP_ANALYSIS = YES;
				CLANG_WARN_STRICT_PROTOTYPES = YES;
				CLANG_WARN_SUSPICIOUS_MOVE = YES;
				CLANG_WARN_UNGUARDED_AVAILABILITY = YES_AGGRESSIVE;
				CLANG_WARN_UNREACHABLE_CODE = YES;
				CLANG_WARN__DUPLICATE_METHOD_MATCH = YES;
				COPY_PHASE_STRIP = NO;
				DEBUG_INFORMATION_FORMAT = dwarf;
				ENABLE_STRICT_OBJC_MSGSEND = YES;
				ENABLE_TESTABILITY = YES;
				GCC_C_LANGUAGE_STANDARD = gnu11;
				GCC_DYNAMIC_NO_PIC = NO;
				GCC_NO_COMMON_BLOCKS = YES;
				GCC_OPTIMIZATION_LEVEL = 0;
				GCC_PREPROCESSOR_DEFINITIONS = (
					"DEBUG=1",
					"$(inherited)",
				);
				GCC_WARN_64_TO_32_BIT_CONVERSION = YES;
				GCC_WARN_ABOUT_RETURN_TYPE = YES_ERROR;
				GCC_WARN_UNDECLARED_SELECTOR = YES;
				GCC_WARN_UNINITIALIZED_AUTOS = YES_AGGRESSIVE;
				GCC_WARN_UNUSED_FUNCTION = YES;
				GCC_WARN_UNUSED_VARIABLE = YES;
				IPHONEOS_DEPLOYMENT_TARGET = 13.0;
				MTL_ENABLE_DEBUG_INFO = INCLUDE_SOURCE;
				MTL_FAST_MATH = YES;
				ONLY_ACTIVE_ARCH = YES;
				SDKROOT = iphoneos;
				SWIFT_ACTIVE_COMPILATION_CONDITIONS = DEBUG;
				SWIFT_OPTIMIZATION_LEVEL = "-Onone";
			};
			name = Debug;
		};
		42F3E2012A28F90A007485B0 /* Release */ = {
			isa = XCBuildConfiguration;
			buildSettings = {
				ALWAYS_SEARCH_USER_PATHS = NO;
				CLANG_ANALYZER_NONNULL = YES;
				CLANG_ANALYZER_NUMBER_OBJECT_CONVERSION = YES_AGGRESSIVE;
				CLANG_CXX_LANGUAGE_STANDARD = "gnu++20";
				CLANG_ENABLE_MODULES = YES;
				CLANG_ENABLE_OBJC_ARC = YES;
				CLANG_ENABLE_OBJC_WEAK = YES;
				CLANG_WARN_BLOCK_CAPTURE_AUTORELEASING = YES;
				CLANG_WARN_BOOL_CONVERSION = YES;
				CLANG_WARN_COMMA = YES;
				CLANG_WARN_CONSTANT_CONVERSION = YES;
				CLANG_WARN_DEPRECATED_OBJC_IMPLEMENTATIONS = YES;
				CLANG_WARN_DIRECT_OBJC_ISA_USAGE = YES_ERROR;
				CLANG_WARN_DOCUMENTATION_COMMENTS = YES;
				CLANG_WARN_EMPTY_BODY = YES;
				CLANG_WARN_ENUM_CONVERSION = YES;
				CLANG_WARN_INFINITE_RECURSION = YES;
				CLANG_WARN_INT_CONVERSION = YES;
				CLANG_WARN_NON_LITERAL_NULL_CONVERSION = YES;
				CLANG_WARN_OBJC_IMPLICIT_RETAIN_SELF = YES;
				CLANG_WARN_OBJC_LITERAL_CONVERSION = YES;
				CLANG_WARN_OBJC_ROOT_CLASS = YES_ERROR;
				CLANG_WARN_QUOTED_INCLUDE_IN_FRAMEWORK_HEADER = YES;
				CLANG_WARN_RANGE_LOOP_ANALYSIS = YES;
				CLANG_WARN_STRICT_PROTOTYPES = YES;
				CLANG_WARN_SUSPICIOUS_MOVE = YES;
				CLANG_WARN_UNGUARDED_AVAILABILITY = YES_AGGRESSIVE;
				CLANG_WARN_UNREACHABLE_CODE = YES;
				CLANG_WARN__DUPLICATE_METHOD_MATCH = YES;
				COPY_PHASE_STRIP = NO;
				DEBUG_INFORMATION_FORMAT = "dwarf-with-dsym";
				ENABLE_NS_ASSERTIONS = NO;
				ENABLE_STRICT_OBJC_MSGSEND = YES;
				GCC_C_LANGUAGE_STANDARD = gnu11;
				GCC_NO_COMMON_BLOCKS = YES;
				GCC_WARN_64_TO_32_BIT_CONVERSION = YES;
				GCC_WARN_ABOUT_RETURN_TYPE = YES_ERROR;
				GCC_WARN_UNDECLARED_SELECTOR = YES;
				GCC_WARN_UNINITIALIZED_AUTOS = YES_AGGRESSIVE;
				GCC_WARN_UNUSED_FUNCTION = YES;
				GCC_WARN_UNUSED_VARIABLE = YES;
				IPHONEOS_DEPLOYMENT_TARGET = 13.0;
				MTL_ENABLE_DEBUG_INFO = NO;
				MTL_FAST_MATH = YES;
				SDKROOT = iphoneos;
				SWIFT_COMPILATION_MODE = wholemodule;
				SWIFT_OPTIMIZATION_LEVEL = "-O";
				VALIDATE_PRODUCT = YES;
			};
			name = Release;
		};
/* End XCBuildConfiguration section */

/* Begin XCConfigurationList section */
		42DCA4CD2A2A0EE8001EA88F /* Build configuration list for PBXNativeTarget "WayGate" */ = {
			isa = XCConfigurationList;
			buildConfigurations = (
				42DCA4CE2A2A0EE8001EA88F /* Debug */,
				42DCA4CF2A2A0EE8001EA88F /* Release */,
			);
			defaultConfigurationIsVisible = 0;
			defaultConfigurationName = Release;
		};
		42F3E1E92A28F906007485B0 /* Build configuration list for PBXProject "WayGate" */ = {
			isa = XCConfigurationList;
			buildConfigurations = (
				42F3E2002A28F90A007485B0 /* Debug */,
				42F3E2012A28F90A007485B0 /* Release */,
			);
			defaultConfigurationIsVisible = 0;
			defaultConfigurationName = Release;
		};
/* End XCConfigurationList section */

/* Begin XCRemoteSwiftPackageReference section */
		421E949C2A335A9A007F6981 /* XCRemoteSwiftPackageReference "MultiProgressView" */ = {
			isa = XCRemoteSwiftPackageReference;
			repositoryURL = "https://github.com/mac-gallagher/MultiProgressView.git";
			requirement = {
				kind = upToNextMajorVersion;
				minimumVersion = 1.2.0;
			};
		};
		42DCA4F42A2A103E001EA88F /* XCRemoteSwiftPackageReference "Alamofire" */ = {
			isa = XCRemoteSwiftPackageReference;
			repositoryURL = "https://github.com/Alamofire/Alamofire.git";
			requirement = {
				kind = upToNextMajorVersion;
				minimumVersion = 5.6.4;
			};
		};
		42DCA4F72A2A1054001EA88F /* XCRemoteSwiftPackageReference "ObjectMapper" */ = {
			isa = XCRemoteSwiftPackageReference;
			repositoryURL = "https://github.com/tristanhimmelman/ObjectMapper.git";
			requirement = {
				kind = upToNextMajorVersion;
				minimumVersion = 4.1.0;
			};
		};
		42ED47E72A2F9BBB00C63786 /* XCRemoteSwiftPackageReference "lottie-spm" */ = {
			isa = XCRemoteSwiftPackageReference;
			repositoryURL = "https://github.com/airbnb/lottie-spm.git";
			requirement = {
				kind = upToNextMajorVersion;
				minimumVersion = 4.2.0;
			};
		};
/* End XCRemoteSwiftPackageReference section */

/* Begin XCSwiftPackageProductDependency section */
		421E949D2A335A9A007F6981 /* MultiProgressView */ = {
			isa = XCSwiftPackageProductDependency;
			package = 421E949C2A335A9A007F6981 /* XCRemoteSwiftPackageReference "MultiProgressView" */;
			productName = MultiProgressView;
		};
		42DCA4F52A2A103E001EA88F /* Alamofire */ = {
			isa = XCSwiftPackageProductDependency;
			package = 42DCA4F42A2A103E001EA88F /* XCRemoteSwiftPackageReference "Alamofire" */;
			productName = Alamofire;
		};
		42DCA4F82A2A1054001EA88F /* ObjectMapper */ = {
			isa = XCSwiftPackageProductDependency;
			package = 42DCA4F72A2A1054001EA88F /* XCRemoteSwiftPackageReference "ObjectMapper" */;
			productName = ObjectMapper;
		};
		42ED47E82A2F9BBB00C63786 /* Lottie */ = {
			isa = XCSwiftPackageProductDependency;
			package = 42ED47E72A2F9BBB00C63786 /* XCRemoteSwiftPackageReference "lottie-spm" */;
			productName = Lottie;
		};
/* End XCSwiftPackageProductDependency section */
	};
	rootObject = 42F3E1E62A28F906007485B0 /* Project object */;
}
